
Microsoft Visual Studio Solution File, Format Version 12.00
Project("{FAE04EC0-301F-11D3-BF4B-00C04F79EFBC}") = "test.api", "test.api\test.api.csproj", "{69920E26-7D70-4A08-A04E-F03E0275B04C}"
EndProject
Project("{2150E333-8FDC-42A3-9474-1A3956D46DE8}") = "Services", "Services", "{1C953D91-BC52-46BE-8B7C-FC9870B7C519}"
EndProject
Project("{2150E333-8FDC-42A3-9474-1A3956D46DE8}") = "Api", "Api", "{E10DBD19-1A4D-488A-A6E4-294603FB0EC9}"
EndProject
Project("{FAE04EC0-301F-11D3-BF4B-00C04F79EFBC}") = "test.services", "test.services\test.services.csproj", "{7251866B-1B99-4D2C-92E0-D72D85935237}"
EndProject
Project("{2150E333-8FDC-42A3-9474-1A3956D46DE8}") = "Common", "Common", "{280B5531-0868-4906-9D18-2B1F5483FE29}"
EndProject
Project("{FAE04EC0-301F-11D3-BF4B-00C04F79EFBC}") = "Contracts", "Contracts\Contracts.csproj", "{D67EC425-368E-4A3D-A1BF-D458595C15AE}"
EndProject
Project("{2150E333-8FDC-42A3-9474-1A3956D46DE8}") = "Data", "Data", "{B710404B-C7B4-4968-9EFC-897E651EF3B4}"
EndProject
Project("{FAE04EC0-301F-11D3-BF4B-00C04F79EFBC}") = "Models", "Models\Models.csproj", "{B5F92E1C-AB06-4DCF-A4F6-215DDE73269D}"
EndProject
Project("{FAE04EC0-301F-11D3-BF4B-00C04F79EFBC}") = "Common", "Common\Common.csproj", "{94AB8935-5A53-4F3B-AA87-460E109E1778}"
EndProject
Global
	GlobalSection(SolutionConfigurationPlatforms) = preSolution
		Debug|Any CPU = Debug|Any CPU
		Release|Any CPU = Release|Any CPU
	EndGlobalSection
	GlobalSection(ProjectConfigurationPlatforms) = postSolution
		{69920E26-7D70-4A08-A04E-F03E0275B04C}.Debug|Any CPU.ActiveCfg = Debug|Any CPU
		{69920E26-7D70-4A08-A04E-F03E0275B04C}.Debug|Any CPU.Build.0 = Debug|Any CPU
		{69920E26-7D70-4A08-A04E-F03E0275B04C}.Release|Any CPU.ActiveCfg = Release|Any CPU
		{69920E26-7D70-4A08-A04E-F03E0275B04C}.Release|Any CPU.Build.0 = Release|Any CPU
		{7251866B-1B99-4D2C-92E0-D72D85935237}.Debug|Any CPU.ActiveCfg = Debug|Any CPU
		{7251866B-1B99-4D2C-92E0-D72D85935237}.Debug|Any CPU.Build.0 = Debug|Any CPU
		{7251866B-1B99-4D2C-92E0-D72D85935237}.Release|Any CPU.ActiveCfg = Release|Any CPU
		{7251866B-1B99-4D2C-92E0-D72D85935237}.Release|Any CPU.Build.0 = Release|Any CPU
		{D67EC425-368E-4A3D-A1BF-D458595C15AE}.Debug|Any CPU.ActiveCfg = Debug|Any CPU
		{D67EC425-368E-4A3D-A1BF-D458595C15AE}.Debug|Any CPU.Build.0 = Debug|Any CPU
		{D67EC425-368E-4A3D-A1BF-D458595C15AE}.Release|Any CPU.ActiveCfg = Release|Any CPU
		{D67EC425-368E-4A3D-A1BF-D458595C15AE}.Release|Any CPU.Build.0 = Release|Any CPU
		{B5F92E1C-AB06-4DCF-A4F6-215DDE73269D}.Debug|Any CPU.ActiveCfg = Debug|Any CPU
		{B5F92E1C-AB06-4DCF-A4F6-215DDE73269D}.Debug|Any CPU.Build.0 = Debug|Any CPU
		{B5F92E1C-AB06-4DCF-A4F6-215DDE73269D}.Release|Any CPU.ActiveCfg = Release|Any CPU
		{B5F92E1C-AB06-4DCF-A4F6-215DDE73269D}.Release|Any CPU.Build.0 = Release|Any CPU
		{94AB8935-5A53-4F3B-AA87-460E109E1778}.Debug|Any CPU.ActiveCfg = Debug|Any CPU
		{94AB8935-5A53-4F3B-AA87-460E109E1778}.Debug|Any CPU.Build.0 = Debug|Any CPU
		{94AB8935-5A53-4F3B-AA87-460E109E1778}.Release|Any CPU.ActiveCfg = Release|Any CPU
		{94AB8935-5A53-4F3B-AA87-460E109E1778}.Release|Any CPU.Build.0 = Release|Any CPU
	EndGlobalSection
	GlobalSection(NestedProjects) = preSolution
		{69920E26-7D70-4A08-A04E-F03E0275B04C} = {E10DBD19-1A4D-488A-A6E4-294603FB0EC9}
		{7251866B-1B99-4D2C-92E0-D72D85935237} = {1C953D91-BC52-46BE-8B7C-FC9870B7C519}
		{D67EC425-368E-4A3D-A1BF-D458595C15AE} = {280B5531-0868-4906-9D18-2B1F5483FE29}
		{B5F92E1C-AB06-4DCF-A4F6-215DDE73269D} = {B710404B-C7B4-4968-9EFC-897E651EF3B4}
		{94AB8935-5A53-4F3B-AA87-460E109E1778} = {280B5531-0868-4906-9D18-2B1F5483FE29}
	EndGlobalSection
EndGlobal
